{
  "lockfileVersion": 1,
  "configVersion": 0,
  "workspaces": {
    "": {
      "name": "claude-prompts",
      "dependencies": {
        "@anthropic-ai/claude-code": "2.1.175",
        "@babel/parser": "^7.29.7",
      },
    },
  },
  "packages": {
    "@anthropic-ai/claude-code": ["@anthropic-ai/claude-code@2.1.175", "", { "optionalDependencies": { "@anthropic-ai/claude-code-darwin-arm64": "2.1.175", "@anthropic-ai/claude-code-darwin-x64": "2.1.175", "@anthropic-ai/claude-code-linux-arm64": "2.1.175", "@anthropic-ai/claude-code-linux-arm64-musl": "2.1.175", "@anthropic-ai/claude-code-linux-x64": "2.1.175", "@anthropic-ai/claude-code-linux-x64-musl": "2.1.175", "@anthropic-ai/claude-code-win32-arm64": "2.1.175", "@anthropic-ai/claude-code-win32-x64": "2.1.175" }, "bin": { "claude": "bin/claude.exe" } }, "sha512-x37KEw7T1vz/CLkpLYqa8d6eyS/R1777+HMYJRqYf4e5+OhZwF/+d1LoTs5vFXTrFCWFjZTbWGZksW/gKpvCTQ=="],

    "@anthropic-ai/claude-code-darwin-arm64": ["@anthropic-ai/claude-code-darwin-arm64@2.1.175", "", { "os": "darwin", "cpu": "arm64" }, "sha512-IHaWNzREnQ8QSxlUC5aYemKzmr+OnDhY7DDO/cQVSu7bCFbXwEel306eT1Xga4Nlr9GxIicLbaWaFc3OeTiYQA=="],

    "@anthropic-ai/claude-code-darwin-x64": ["@anthropic-ai/claude-code-darwin-x64@2.1.175", "", { "os": "darwin", "cpu": "x64" }, "sha512-Og9B+d/o/eefb7pPDZ/o5kvlsapDBuGPbr01CiPiGpAQu2wAb0xNCPJFu+s82detnpXVT6HoO29V5HWzue5vMA=="],

    "@anthropic-ai/claude-code-linux-arm64": ["@anthropic-ai/claude-code-linux-arm64@2.1.175", "", { "os": "linux", "cpu": "arm64" }, "sha512-epI+k0kRRaNJXN3WtRGHveR7uJshyOYIGH4CcU8cXn595fqkw8y9Unrcn10kewFzn7814IWcQNFM8K14NjqaiA=="],

    "@anthropic-ai/claude-code-linux-arm64-musl": ["@anthropic-ai/claude-code-linux-arm64-musl@2.1.175", "", { "os": "linux", "cpu": "arm64" }, "sha512-9l75IeDCocZrvnazCOapQT8N9M26EVZi8PNpbOytyr74ur1R91VkClZYmUv2NpKb0MQLz8wEoFTE+1uqxFGQJQ=="],

    "@anthropic-ai/claude-code-linux-x64": ["@anthropic-ai/claude-code-linux-x64@2.1.175", "", { "os": "linux", "cpu": "x64" }, "sha512-RegEK8Cdj5tM2ZiePk887o+OwwfibR5jxI2yh3z0aKtelFH63kM2TZEGvroj5iCsKP33LMK3kFKwBD4gJ3d1LQ=="],

    "@anthropic-ai/claude-code-linux-x64-musl": ["@anthropic-ai/claude-code-linux-x64-musl@2.1.175", "", { "os": "linux", "cpu": "x64" }, "sha512-I2zGSfFUc2kfdYwxuG7FqCeY5yn1pRcjWD9JroiIMrHq9628XNKhEcGVfgqtHkMx8SB049RCKbd00OoNiimmqQ=="],

    "@anthropic-ai/claude-code-win32-arm64": ["@anthropic-ai/claude-code-win32-arm64@2.1.175", "", { "os": "win32", "cpu": "arm64" }, "sha512-pqv/cN6ntggJXnKcevBpd9540Aamm69h2DN2nvzjs5gkWsAMKQA1s0EvmnynPNnOj66Q6l9XK8a8aID08C4N7g=="],

    "@anthropic-ai/claude-code-win32-x64": ["@anthropic-ai/claude-code-win32-x64@2.1.175", "", { "os": "win32", "cpu": "x64" }, "sha512-YuMBtAWUG/A7WpUKJ9YVIy7H4vuOCAQymlc2N6nzc6cQeFjnqAb7tNhz10+QY0QgXlJAHmYD2npIdaCsqR2o2A=="],

    "@babel/helper-string-parser": ["@babel/helper-string-parser@7.29.7", "", {}, "sha512-Pb5ijPrZ89GDH8223L4UP8i6QApWxs04RbPQJTeWDV0/keR2E36MeKnyr6LYmUUvqRRI+Iv87SuF1W6ErINzYw=="],

    "@babel/helper-validator-identifier": ["@babel/helper-validator-identifier@7.29.7", "", {}, "sha512-qehxGkRj55h/ff8EMaJ+cYhyaKlHIxqYDn682wQD7RNp9UujOQsHog2uS0r2vzr4pW+sXf90NeeayjcNaX3fFg=="],

    "@babel/parser": ["@babel/parser@7.29.7", "", { "dependencies": { "@babel/types": "^7.29.7" }, "bin": "./bin/babel-parser.js" }, "sha512-hnORnjP/1P/zFEndoeX+n+t1RwWRJiJpM/jO7FW32Kn9r5+sJB2JWOdYo4L6k78j15eCwY3Gm/7364B1EMwtNg=="],

    "@babel/types": ["@babel/types@7.29.7", "", { "dependencies": { "@babel/helper-string-parser": "^7.29.7", "@babel/helper-validator-identifier": "^7.29.7" } }, "sha512-4zBIxpPzowiZpusoFkyGVwakdRJUyuH5PxQ/PrqghfdFWWasvnCdPfQXHrenDai+gyLARulZjZowCOj6fjT4pA=="],
  }
}
