{
  "lockfileVersion": 1,
  "configVersion": 0,
  "workspaces": {
    "": {
      "name": "claude-prompts",
      "dependencies": {
        "@anthropic-ai/claude-code": "2.1.186",
        "@babel/parser": "^7.29.7",
      },
    },
  },
  "packages": {
    "@anthropic-ai/claude-code": ["@anthropic-ai/claude-code@2.1.186", "", { "optionalDependencies": { "@anthropic-ai/claude-code-darwin-arm64": "2.1.186", "@anthropic-ai/claude-code-darwin-x64": "2.1.186", "@anthropic-ai/claude-code-linux-arm64": "2.1.186", "@anthropic-ai/claude-code-linux-arm64-musl": "2.1.186", "@anthropic-ai/claude-code-linux-x64": "2.1.186", "@anthropic-ai/claude-code-linux-x64-musl": "2.1.186", "@anthropic-ai/claude-code-win32-arm64": "2.1.186", "@anthropic-ai/claude-code-win32-x64": "2.1.186" }, "bin": { "claude": "bin/claude.exe" } }, "sha512-UGJEvTzq3gOWNW9NIKzNamjebOzKQ/fZwiMI6HR+cuRaqCizmCnq6JjITuF9eAwwkQrKIoBHYoYEYb1fIk/Ezw=="],

    "@anthropic-ai/claude-code-darwin-arm64": ["@anthropic-ai/claude-code-darwin-arm64@2.1.186", "", { "os": "darwin", "cpu": "arm64" }, "sha512-Ntv78PmtrnYBfawHDrgU6LK/6agzTrUUu7IXSlX9Bu0swk7LQ7T1SKHQVXsS9ur3D3yQ45cKcX4Kg8b+iYb+lQ=="],

    "@anthropic-ai/claude-code-darwin-x64": ["@anthropic-ai/claude-code-darwin-x64@2.1.186", "", { "os": "darwin", "cpu": "x64" }, "sha512-Q/loj5/G5SIvGG6so36AsSMV0CkWC0amgxiCW1liWSnmauvE6iP/6I6QtSevcKxcpahXqMwWoRYS5pWIPXUIaQ=="],

    "@anthropic-ai/claude-code-linux-arm64": ["@anthropic-ai/claude-code-linux-arm64@2.1.186", "", { "os": "linux", "cpu": "arm64" }, "sha512-+O4cgs/Jmloy/gRx9Y/x8DG+whDSLCww2riwOYNM8FSl7J0gF0ecCU/7Wo6LdCjKYW8Jyy3g1FPP1xtln5Rj1w=="],

    "@anthropic-ai/claude-code-linux-arm64-musl": ["@anthropic-ai/claude-code-linux-arm64-musl@2.1.186", "", { "os": "linux", "cpu": "arm64" }, "sha512-uZrKFrKdMRpcpM/8+bfiAE1gQ+xy4KXMAf85ZVtNYkQMj52JEMpGvdvZXNiSw+gNgM4o46VD3sCFGL3g4Edupg=="],

    "@anthropic-ai/claude-code-linux-x64": ["@anthropic-ai/claude-code-linux-x64@2.1.186", "", { "os": "linux", "cpu": "x64" }, "sha512-qXncNDTDIjwZ5ZxoQ7t4TfsFCBiWuU5/7PwM9qsGNhgscA3vDztD8OWD6/lxKM3XYcm5ct2J+Wa/k+pMzxxmDA=="],

    "@anthropic-ai/claude-code-linux-x64-musl": ["@anthropic-ai/claude-code-linux-x64-musl@2.1.186", "", { "os": "linux", "cpu": "x64" }, "sha512-MNfz1+LHosNXa9kdtCHT+GLg9nTWuZ6LxT2OGKXdX6OK5C9fgX1aA67bKfp9aMrwcI6Oh72oETlN7uQS8LXCnw=="],

    "@anthropic-ai/claude-code-win32-arm64": ["@anthropic-ai/claude-code-win32-arm64@2.1.186", "", { "os": "win32", "cpu": "arm64" }, "sha512-Lg2vIFeWSM/a8rHN2E/mmW+a1ybwDi7saHgVCUWf3ru/gH1alGBjfKrbScMUtnKsCAvBBhjFc9960FEGdUWJUA=="],

    "@anthropic-ai/claude-code-win32-x64": ["@anthropic-ai/claude-code-win32-x64@2.1.186", "", { "os": "win32", "cpu": "x64" }, "sha512-vpBm0cJzc8Z6D+kytByspmJWB/fisT3PJLf+TUc6D4rajf2axJmiDEDXWbdVdvWoUMQ82tNoW4uonVuQENGpQQ=="],

    "@babel/helper-string-parser": ["@babel/helper-string-parser@7.29.7", "", {}, "sha512-Pb5ijPrZ89GDH8223L4UP8i6QApWxs04RbPQJTeWDV0/keR2E36MeKnyr6LYmUUvqRRI+Iv87SuF1W6ErINzYw=="],

    "@babel/helper-validator-identifier": ["@babel/helper-validator-identifier@7.29.7", "", {}, "sha512-qehxGkRj55h/ff8EMaJ+cYhyaKlHIxqYDn682wQD7RNp9UujOQsHog2uS0r2vzr4pW+sXf90NeeayjcNaX3fFg=="],

    "@babel/parser": ["@babel/parser@7.29.7", "", { "dependencies": { "@babel/types": "^7.29.7" }, "bin": "./bin/babel-parser.js" }, "sha512-hnORnjP/1P/zFEndoeX+n+t1RwWRJiJpM/jO7FW32Kn9r5+sJB2JWOdYo4L6k78j15eCwY3Gm/7364B1EMwtNg=="],

    "@babel/types": ["@babel/types@7.29.7", "", { "dependencies": { "@babel/helper-string-parser": "^7.29.7", "@babel/helper-validator-identifier": "^7.29.7" } }, "sha512-4zBIxpPzowiZpusoFkyGVwakdRJUyuH5PxQ/PrqghfdFWWasvnCdPfQXHrenDai+gyLARulZjZowCOj6fjT4pA=="],
  }
}
