{
  "lockfileVersion": 1,
  "configVersion": 0,
  "workspaces": {
    "": {
      "name": "claude-prompts",
      "dependencies": {
        "@anthropic-ai/claude-code": "2.1.224",
        "@babel/parser": "^7.29.7",
      },
    },
  },
  "packages": {
    "@anthropic-ai/claude-code": ["@anthropic-ai/claude-code@2.1.224", "", { "optionalDependencies": { "@anthropic-ai/claude-code-darwin-arm64": "2.1.224", "@anthropic-ai/claude-code-darwin-x64": "2.1.224", "@anthropic-ai/claude-code-linux-arm64": "2.1.224", "@anthropic-ai/claude-code-linux-arm64-musl": "2.1.224", "@anthropic-ai/claude-code-linux-x64": "2.1.224", "@anthropic-ai/claude-code-linux-x64-musl": "2.1.224", "@anthropic-ai/claude-code-win32-arm64": "2.1.224", "@anthropic-ai/claude-code-win32-x64": "2.1.224" }, "bin": { "claude": "bin/claude.exe" } }, "sha512-qvc2GFWIe3KrTgzx9hkOjHznpp6kmYSOC6o6F/62u1lPPDtSrd+l6ZKYQ47idBmT/2eb/xQ/IoiP8zJBlpt53A=="],

    "@anthropic-ai/claude-code-darwin-arm64": ["@anthropic-ai/claude-code-darwin-arm64@2.1.224", "", { "os": "darwin", "cpu": "arm64" }, "sha512-DsHVKKXFVY7tYnpc6REgdgE5zVUKxjcqnRSrFNvPsYoDuwn5Tc/qJ3bEFpmtwTfaqEOY4CntPOqgFoSLU1uMMg=="],

    "@anthropic-ai/claude-code-darwin-x64": ["@anthropic-ai/claude-code-darwin-x64@2.1.224", "", { "os": "darwin", "cpu": "x64" }, "sha512-28tpP+nnTVOX1Bcoa+qvVo/MSeRG/ZOJzc5J5yE0t+DSZPE9PfLJ7XKCpGAMIj9TzEi76IQQUxj+NgNJPPUlVQ=="],

    "@anthropic-ai/claude-code-linux-arm64": ["@anthropic-ai/claude-code-linux-arm64@2.1.224", "", { "os": "linux", "cpu": "arm64" }, "sha512-a16Zlqhr1CXO5vsfsw7FcvLbG2nqBAXWmvMmyXtNW+f9pAJm91GMJE9wK79cIyO9InZRLN06wYWyPcp1cx/nNg=="],

    "@anthropic-ai/claude-code-linux-arm64-musl": ["@anthropic-ai/claude-code-linux-arm64-musl@2.1.224", "", { "os": "linux", "cpu": "arm64" }, "sha512-VT4M5HIrfiqzkyuoUo/+R6QW05UhGOqWLdjHAr7Atu5pio6ZZl3hSyEPCT8nceApYB4v3BhwJjY7sSMO1BxbFA=="],

    "@anthropic-ai/claude-code-linux-x64": ["@anthropic-ai/claude-code-linux-x64@2.1.224", "", { "os": "linux", "cpu": "x64" }, "sha512-X9irQAhHb727EuvOo+Mi06wmNxHqdR7Fww17AaHSvuMGFBHkfsxLJSUTcPPhDDhQwoyr2lViplQxWA+noD51HQ=="],

    "@anthropic-ai/claude-code-linux-x64-musl": ["@anthropic-ai/claude-code-linux-x64-musl@2.1.224", "", { "os": "linux", "cpu": "x64" }, "sha512-4dbht7QaZnRSVKRHcA8Fp3HfvWiZs43+wx4CjBGVuklh8QINc00lkBlNTnKyGi7E/d2/pS+g9RoWqC4wur2lqg=="],

    "@anthropic-ai/claude-code-win32-arm64": ["@anthropic-ai/claude-code-win32-arm64@2.1.224", "", { "os": "win32", "cpu": "arm64" }, "sha512-Wafc5EUfnvD3YlR+HhaZ3b38SFL1kiCsJ6gSnFxpkGaykW6KieBRx8nKoJ1T/XA9WWUHZIkxAf6i5xBR/9v6Eg=="],

    "@anthropic-ai/claude-code-win32-x64": ["@anthropic-ai/claude-code-win32-x64@2.1.224", "", { "os": "win32", "cpu": "x64" }, "sha512-BSPXjYdqeY/pHQfclbW14i1mn1Dpm+UcHfWZHZVzEOQShwvdHu+8XlE/GoLyR/QADsUpaap2GUPIt046kfBklg=="],

    "@babel/helper-string-parser": ["@babel/helper-string-parser@7.29.7", "", {}, "sha512-Pb5ijPrZ89GDH8223L4UP8i6QApWxs04RbPQJTeWDV0/keR2E36MeKnyr6LYmUUvqRRI+Iv87SuF1W6ErINzYw=="],

    "@babel/helper-validator-identifier": ["@babel/helper-validator-identifier@7.29.7", "", {}, "sha512-qehxGkRj55h/ff8EMaJ+cYhyaKlHIxqYDn682wQD7RNp9UujOQsHog2uS0r2vzr4pW+sXf90NeeayjcNaX3fFg=="],

    "@babel/parser": ["@babel/parser@7.29.7", "", { "dependencies": { "@babel/types": "^7.29.7" }, "bin": "./bin/babel-parser.js" }, "sha512-hnORnjP/1P/zFEndoeX+n+t1RwWRJiJpM/jO7FW32Kn9r5+sJB2JWOdYo4L6k78j15eCwY3Gm/7364B1EMwtNg=="],

    "@babel/types": ["@babel/types@7.29.7", "", { "dependencies": { "@babel/helper-string-parser": "^7.29.7", "@babel/helper-validator-identifier": "^7.29.7" } }, "sha512-4zBIxpPzowiZpusoFkyGVwakdRJUyuH5PxQ/PrqghfdFWWasvnCdPfQXHrenDai+gyLARulZjZowCOj6fjT4pA=="],
  }
}
